
Microsoft Visual Studio Solution File, Format Version 12.00
# Visual Studio Version 16
VisualStudioVersion = 16.0.32407.337
MinimumVisualStudioVersion = 10.0.40219.1
Project("{FAE04EC0-301F-11D3-BF4B-00C04F79EFBC}") = "WPFandSQLstudy", "WPFandSQLstudy\WPFandSQLstudy.csproj", "{2A616300-1BC5-4D2A-AADE-B6C139CABDF5}"
EndProject
Global
	GlobalSection(SolutionConfigurationPlatforms) = preSolution
		Debug|Any CPU = Debug|Any CPU
		Release|Any CPU = Release|Any CPU
	EndGlobalSection
	GlobalSection(ProjectConfigurationPlatforms) = postSolution
		{2A616300-1BC5-4D2A-AADE-B6C139CABDF5}.Debug|Any CPU.ActiveCfg = Debug|Any CPU
		{2A616300-1BC5-4D2A-AADE-B6C139CABDF5}.Debug|Any CPU.Build.0 = Debug|Any CPU
		{2A616300-1BC5-4D2A-AADE-B6C139CABDF5}.Release|Any CPU.ActiveCfg = Release|Any CPU
		{2A616300-1BC5-4D2A-AADE-B6C139CABDF5}.Release|Any CPU.Build.0 = Release|Any CPU
	EndGlobalSection
	GlobalSection(SolutionProperties) = preSolution
		HideSolutionNode = FALSE
	EndGlobalSection
	GlobalSection(ExtensibilityGlobals) = postSolution
		SolutionGuid = {4852BF5E-5056-4C28-BB81-5C7C14523D71}
	EndGlobalSection
EndGlobal
